
Microsoft Visual Studio Solution File, Format Version 12.00
# Visual Studio Version 16
VisualStudioVersion = 16.0.32106.194
MinimumVisualStudioVersion = 10.0.40219.1
Project("{FAE04EC0-301F-11D3-BF4B-00C04F79EFBC}") = "KeepSolid_VPN", "KeepSolid_VPN.csproj", "{42D7CF53-E548-4A39-B8AE-B2ACA1809E5F}"
EndProject
Global
	GlobalSection(SolutionConfigurationPlatforms) = preSolution
		Debug|Any CPU = Debug|Any CPU
		Release|Any CPU = Release|Any CPU
	EndGlobalSection
	GlobalSection(ProjectConfigurationPlatforms) = postSolution
		{42D7CF53-E548-4A39-B8AE-B2ACA1809E5F}.Debug|Any CPU.ActiveCfg = Debug|Any CPU
		{42D7CF53-E548-4A39-B8AE-B2ACA1809E5F}.Debug|Any CPU.Build.0 = Debug|Any CPU
		{42D7CF53-E548-4A39-B8AE-B2ACA1809E5F}.Release|Any CPU.ActiveCfg = Release|Any CPU
		{42D7CF53-E548-4A39-B8AE-B2ACA1809E5F}.Release|Any CPU.Build.0 = Release|Any CPU
	EndGlobalSection
	GlobalSection(SolutionProperties) = preSolution
		HideSolutionNode = FALSE
	EndGlobalSection
	GlobalSection(ExtensibilityGlobals) = postSolution
		SolutionGuid = {39120052-F5B7-4F1E-84C6-DF51DE0240AD}
	EndGlobalSection
EndGlobal
